
Microsoft Visual Studio Solution File, Format Version 12.00
# Visual Studio 15
VisualStudioVersion = 15.0.28010.2026
MinimumVisualStudioVersion = 10.0.40219.1
Project("{FAE04EC0-301F-11D3-BF4B-00C04F79EFBC}") = "NeoSmartAddress", "NeoSmartAddress\NeoSmartAddress.csproj", "{14A6AB23-D2D2-4FA5-87BA-E19B6A73D11C}"
EndProject
Global
	GlobalSection(SolutionConfigurationPlatforms) = preSolution
		Debug|Any CPU = Debug|Any CPU
		Release|Any CPU = Release|Any CPU
	EndGlobalSection
	GlobalSection(ProjectConfigurationPlatforms) = postSolution
		{14A6AB23-D2D2-4FA5-87BA-E19B6A73D11C}.Debug|Any CPU.ActiveCfg = Debug|Any CPU
		{14A6AB23-D2D2-4FA5-87BA-E19B6A73D11C}.Debug|Any CPU.Build.0 = Debug|Any CPU
		{14A6AB23-D2D2-4FA5-87BA-E19B6A73D11C}.Release|Any CPU.ActiveCfg = Release|Any CPU
		{14A6AB23-D2D2-4FA5-87BA-E19B6A73D11C}.Release|Any CPU.Build.0 = Release|Any CPU
	EndGlobalSection
	GlobalSection(SolutionProperties) = preSolution
		HideSolutionNode = FALSE
	EndGlobalSection
	GlobalSection(ExtensibilityGlobals) = postSolution
		SolutionGuid = {072BAD5A-9382-4354-9E22-38141E993269}
	EndGlobalSection
EndGlobal
